<?xml version="1.0" encoding="utf-8"?>
<Project ToolsVersion="4.0" xmlns="http://schemas.microsoft.com/developer/msbuild/2003">
  <ItemGroup>
    <Filter Include="Source Files">
      <UniqueIdentifier>{0064c808-7e8c-41a2-8a4a-87dcde2a2467}</UniqueIdentifier>
    </Filter>
  </ItemGroup>
  <ItemGroup>
    <ClInclude Include="..\..\region\src\allocator.h">
      <Filter>Source Files</Filter>
    </ClInclude>
    <ClInclude Include="..\..\region\src\region.h">
      <Filter>Source Files</Filter>
    </ClInclude>
    <ClInclude Include="..\..\region\src\region_allocator.h">
      <Filter>Source Files</Filter>
    </ClInclude>
    <ClInclude Include="..\..\region\src\region_allocator_pod.h">
      <Filter>Source Files</Filter>
    </ClInclude>
    <ClInclude Include="..\..\region\src\utils.h">
      <Filter>Source Files</Filter>
    </ClInclude>
  </ItemGroup>
  <ItemGroup>
    <ClCompile Include="..\..\region\src\region.cpp">
      <Filter>Source Files</Filter>
    </ClCompile>
  </ItemGroup>
  <ItemGroup>
    <None Include="..\..\region\src\region.inl">
      <Filter>Source Files</Filter>
    </None>
  </ItemGroup>
</Project>